# This file is automatically @generated by Poetry and should not be changed by hand.

[[package]]
name = "names"
version = "0.3.0"
description = "Generate random names"
category = "main"
optional = false
python-versions = "*"
files = [
    {file = "names-0.3.0.tar.gz", hash = "sha256:726e46254f2ed03f1ffb5d941dae3bc67c35123941c29becd02d48d0caa2a671"},
]

[metadata]
lock-version = "2.0"
python-versions = "^3.10"
content-hash = "ccec3f7ce0b8784e05219806dd4d283fb5609a5c62a79c3eb77eefd13b1f3f20"
